{
	"name": "@nice-digital/design-system",
	"version": "1.0.20-alpha.0",
	"lockfileVersion": 1,
	"requires": true,
	"dependencies": {
		"@nice-digital/icons": {
			"version": "2.1.1",
			"resolved": "https://registry.npmjs.org/@nice-digital/icons/-/icons-2.1.1.tgz",
			"integrity": "sha512-Ym9LnD63DW/bj5QxTya5J8ZQSfxvFYJxh5ITkQG2F04CvJAFb8l3k2PCybruaWTFLv5S38fhjPy9R18/VMt40w=="
		},
		"@nice-digital/nds-action-banner": {
			"version": "1.0.11-alpha.0",
			"resolved": "https://registry.npmjs.org/@nice-digital/nds-action-banner/-/nds-action-banner-1.0.11-alpha.0.tgz",
			"integrity": "sha512-BY6LPpey+uLsrll8BFgZpBZH5ntH/zZDsn1HCw7wythUAPEnURyEigSlsHHn46Wo0G7pSvnXO7+cdEkSJUZ2Gg==",
			"requires": {
				"@nice-digital/icons": "^2.1.1",
				"@nice-digital/nds-core": "^1.0.11-alpha.0",
				"prop-types": "^15.7.2",
				"react": "^16.11.0"
			}
		},
		"@nice-digital/nds-alert": {
			"version": "1.0.12-alpha.0",
			"resolved": "https://registry.npmjs.org/@nice-digital/nds-alert/-/nds-alert-1.0.12-alpha.0.tgz",
			"integrity": "sha512-h/CGN1W/e6vUX/iAn5gdKLfqEDwq6EUXknPl9fX3RmezpsVXvZCQjG1Um3NBmZLwBxFBA1sJWLFb4IiY19qgOw==",
			"requires": {
				"@nice-digital/nds-core": "^1.0.11-alpha.0",
				"classnames": "^2.2.6",
				"prop-types": "^15.7.2",
				"react": "^16.11.0"
			}
		},
		"@nice-digital/nds-breadcrumbs": {
			"version": "1.0.11-alpha.0",
			"resolved": "https://registry.npmjs.org/@nice-digital/nds-breadcrumbs/-/nds-breadcrumbs-1.0.11-alpha.0.tgz",
			"integrity": "sha512-PeHaitBpVMsaIetmjwIdOVYwp5z1THqHGKqcb/P4tDcdueXlV+MGJChbYhm4e8KuP+4KUK+2S6lzDS5dsyBJmQ==",
			"requires": {
				"@nice-digital/nds-core": "^1.0.11-alpha.0",
				"prop-types": "^15.7.2",
				"react": "^16.11.0"
			}
		},
		"@nice-digital/nds-button": {
			"version": "1.0.11-alpha.0",
			"resolved": "https://registry.npmjs.org/@nice-digital/nds-button/-/nds-button-1.0.11-alpha.0.tgz",
			"integrity": "sha512-wqCHbl8z8fhHuZfDAK+utM43QlsmRXhKaM9tdQeD1mCbk0VtzMVe+13XhOYwNQkCjtgwC+31Mf55b5oZU1TGxQ==",
			"requires": {
				"@nice-digital/nds-core": "^1.0.11-alpha.0",
				"prop-types": "^15.7.2",
				"react": "^16.11.0"
			}
		},
		"@nice-digital/nds-card": {
			"version": "1.0.11-alpha.0",
			"resolved": "https://registry.npmjs.org/@nice-digital/nds-card/-/nds-card-1.0.11-alpha.0.tgz",
			"integrity": "sha512-k5LuKgBle/ssuwdPZCG2IHJfjg0op4zEwgyFvuBivXlq/GVi+kWeho7Z6DF3E94Dpb19V8fViU26KbzvanRZNg==",
			"requires": {
				"@nice-digital/nds-core": "^1.0.11-alpha.0",
				"prop-types": "^15.7.2",
				"react": "^16.11.0"
			}
		},
		"@nice-digital/nds-checkbox": {
			"version": "1.0.16-alpha.0",
			"resolved": "https://registry.npmjs.org/@nice-digital/nds-checkbox/-/nds-checkbox-1.0.16-alpha.0.tgz",
			"integrity": "sha512-JtXBJ9sAeOTJh5AO9RqGYIwhFn8hv8P8R9kiDF9SnYdm4jRvanJFnFnaJ8+idjmXuAOIw5tqdOP7bucPqmK8Lw==",
			"requires": {
				"@nice-digital/nds-core": "^1.0.11-alpha.0",
				"prop-types": "^15.7.2",
				"react": "^16.11.0"
			}
		},
		"@nice-digital/nds-core": {
			"version": "1.0.11-alpha.0",
			"resolved": "https://registry.npmjs.org/@nice-digital/nds-core/-/nds-core-1.0.11-alpha.0.tgz",
			"integrity": "sha512-eM6uO4Y0BOnuLuBhOZJi05aLtz/1BVEtQGjT6A82GAYfnNFomoS1wHcfYwnBOzBq1+/CHqTqb9Q0N3bNqQOpyA==",
			"requires": {
				"@nice-digital/icons": "^2.1.1",
				"prop-types": "^15.7.2",
				"react": "^16.11.0",
				"sass-mq": "^5.0.0"
			}
		},
		"@nice-digital/nds-filters": {
			"version": "1.0.11-alpha.0",
			"resolved": "https://registry.npmjs.org/@nice-digital/nds-filters/-/nds-filters-1.0.11-alpha.0.tgz",
			"integrity": "sha512-YQr2CmTgDK/aEBS0NqjFm8eBPljuZSM7OYXKU2xJllFit/vxtSluI51fiiH/PYvdVFjJuq66oku74tgpNRofuQ==",
			"requires": {
				"@nice-digital/icons": "^2.1.1",
				"@nice-digital/nds-core": "^1.0.11-alpha.0",
				"prop-types": "^15.7.2",
				"react": "^16.11.0"
			}
		},
		"@nice-digital/nds-form-group": {
			"version": "1.0.4-alpha.0",
			"resolved": "https://registry.npmjs.org/@nice-digital/nds-form-group/-/nds-form-group-1.0.4-alpha.0.tgz",
			"integrity": "sha512-QeTjN9RgfwPkzyQc2TyMVk6hdXRUGKEQcDM4t8nuSarkidieMGuK84FntKf/1WMi+i+XCa6z2Eofyyi9GvkR0g==",
			"requires": {
				"@nice-digital/nds-core": "^1.0.11-alpha.0",
				"@nice-digital/nds-forms": "^1.0.16-alpha.0",
				"classnames": "^2.2.6",
				"prop-types": "^15.7.2",
				"react": "^16.11.0"
			}
		},
		"@nice-digital/nds-forms": {
			"version": "1.0.16-alpha.0",
			"resolved": "https://registry.npmjs.org/@nice-digital/nds-forms/-/nds-forms-1.0.16-alpha.0.tgz",
			"integrity": "sha512-GWPpYjAZFRpRxR/RwZMrfM1N0XlE5/hgvLHJOFAGMSntCYHEfdkuk8dKuGmTMOa3K7cjJhPhMvL6UNH4wBYGhA==",
			"requires": {
				"@nice-digital/nds-core": "^1.0.11-alpha.0",
				"classnames": "^2.2.6",
				"prop-types": "^15.7.2",
				"react": "^16.11.0"
			}
		},
		"@nice-digital/nds-grid": {
			"version": "1.0.5-alpha.0",
			"resolved": "https://registry.npmjs.org/@nice-digital/nds-grid/-/nds-grid-1.0.5-alpha.0.tgz",
			"integrity": "sha512-STlp76BKwzZcoIGr4vrf/nWRi3vbmHXcHQWDKnwRWnrpAVpUHrpDd+PVLTOzyjPBEcBtl1SvRha2CD/oP2GDgA==",
			"requires": {
				"@nice-digital/nds-core": "^1.0.11-alpha.0",
				"classnames": "^2.2.6",
				"prop-types": "^15.7.2",
				"react": "^16.11.0"
			}
		},
		"@nice-digital/nds-hero": {
			"version": "1.0.11-alpha.0",
			"resolved": "https://registry.npmjs.org/@nice-digital/nds-hero/-/nds-hero-1.0.11-alpha.0.tgz",
			"integrity": "sha512-xJ3EIMs6Vq3gxpkArUfPQ2Kg6FhsNSLIsa715YS/y92VYDWGdetelCj5X+ZpVktMKY/yPZ2IRGtwG0WNEewVKg==",
			"requires": {
				"@nice-digital/nds-core": "^1.0.11-alpha.0",
				"prop-types": "^15.7.2",
				"react": "^16.11.0"
			}
		},
		"@nice-digital/nds-in-page-nav": {
			"version": "1.0.11-alpha.0",
			"resolved": "https://registry.npmjs.org/@nice-digital/nds-in-page-nav/-/nds-in-page-nav-1.0.11-alpha.0.tgz",
			"integrity": "sha512-oKNEe33VHmWX0f7t5nEffr8bgDxkp0cRDTjLui+ROeGJ+b/dnmZQ52Q3W6IZ7JqeNsN+2+jaN16JrH/tW30vWg==",
			"requires": {
				"@nice-digital/nds-core": "^1.0.11-alpha.0",
				"prop-types": "^15.7.2",
				"react": "^16.11.0"
			}
		},
		"@nice-digital/nds-maintain-ratio": {
			"version": "1.0.11-alpha.0",
			"resolved": "https://registry.npmjs.org/@nice-digital/nds-maintain-ratio/-/nds-maintain-ratio-1.0.11-alpha.0.tgz",
			"integrity": "sha512-EQtSznu79LIUv/1ni0KF8UF0qc/qP5kpE+pAQZeF2HnhuKwNw7fkqb4DuXoZYgJweD+L4w0ynesOLV7ceahn7w==",
			"requires": {
				"@nice-digital/nds-core": "^1.0.11-alpha.0",
				"prop-types": "^15.7.2",
				"react": "^16.11.0"
			}
		},
		"@nice-digital/nds-page-header": {
			"version": "1.0.11-alpha.0",
			"resolved": "https://registry.npmjs.org/@nice-digital/nds-page-header/-/nds-page-header-1.0.11-alpha.0.tgz",
			"integrity": "sha512-TIG0gq5em3V9xCQOSYCQg1b2mEcWM3v5u9RBTy0+pjDaM1CZQKYcaSCn/muoLiQJBX1avdExE0dquY74r0YfIw==",
			"requires": {
				"@nice-digital/nds-core": "^1.0.11-alpha.0",
				"prop-types": "^15.7.2",
				"react": "^16.11.0"
			}
		},
		"@nice-digital/nds-panel": {
			"version": "1.0.14-alpha.0",
			"resolved": "https://registry.npmjs.org/@nice-digital/nds-panel/-/nds-panel-1.0.14-alpha.0.tgz",
			"integrity": "sha512-VBNx7qKC77r/ehm9dxDUODWcg0EgHE/jIz7qry+wuPVqp3jH9Z1cujmT1qWM9IC1rY7Wu4eHNxHD4CO7+I7AVg==",
			"requires": {
				"@nice-digital/nds-core": "^1.0.11-alpha.0",
				"prop-types": "^15.7.2",
				"react": "^16.11.0"
			}
		},
		"@nice-digital/nds-phase-banner": {
			"version": "1.0.11-alpha.0",
			"resolved": "https://registry.npmjs.org/@nice-digital/nds-phase-banner/-/nds-phase-banner-1.0.11-alpha.0.tgz",
			"integrity": "sha512-F6YT6S0VjU3Hyi8pG/nbXACt0riKupidl3IoS6eOEyCGIA/iOPRUZVvvV19cu0Pyfj26fPMWsUiCGwngG9IPwQ==",
			"requires": {
				"@nice-digital/nds-core": "^1.0.11-alpha.0",
				"@nice-digital/nds-tag": "^1.0.11-alpha.0",
				"prop-types": "^15.7.2",
				"react": "^16.11.0"
			}
		},
		"@nice-digital/nds-stacked-nav": {
			"version": "1.0.11-alpha.0",
			"resolved": "https://registry.npmjs.org/@nice-digital/nds-stacked-nav/-/nds-stacked-nav-1.0.11-alpha.0.tgz",
			"integrity": "sha512-CyH0tgscO6x5a+wSfHxEeNXm1jSn0Lw6XMNqKnvzGzPUY2VUxcXxO0mBpzcwPhxoA+gbbH/x2m9b79qYbnzHfA==",
			"requires": {
				"@nice-digital/nds-core": "^1.0.11-alpha.0",
				"prop-types": "^15.7.2",
				"react": "^16.11.0"
			}
		},
		"@nice-digital/nds-tabs": {
			"version": "1.0.11-alpha.0",
			"resolved": "https://registry.npmjs.org/@nice-digital/nds-tabs/-/nds-tabs-1.0.11-alpha.0.tgz",
			"integrity": "sha512-EIahaUF/WqMhbRX8mFKTmZ3mSaWqMrGDgn5b5m64Ee2PTsoRMjffUZ4U+mVCo5Fw2ZGMQ0IjdERUFqCkiWOVmw==",
			"requires": {
				"@nice-digital/nds-core": "^1.0.11-alpha.0",
				"prop-types": "^15.7.2",
				"react": "^16.11.0"
			}
		},
		"@nice-digital/nds-tag": {
			"version": "1.0.11-alpha.0",
			"resolved": "https://registry.npmjs.org/@nice-digital/nds-tag/-/nds-tag-1.0.11-alpha.0.tgz",
			"integrity": "sha512-vHLMAd/m12AeVhAOinCZgtSatQO0gvmKO6Qk4XFdfVC2QfbSz3N+JDk76NaQkZqRaxLzi3Y2KjuqnFCn6jQ4Xg==",
			"requires": {
				"@nice-digital/nds-core": "^1.0.11-alpha.0",
				"prop-types": "^15.7.2",
				"react": "^16.11.0"
			}
		},
		"classnames": {
			"version": "2.2.6",
			"resolved": "https://registry.npmjs.org/classnames/-/classnames-2.2.6.tgz",
			"integrity": "sha512-JR/iSQOSt+LQIWwrwEzJ9uk0xfN3mTVYMwt1Ir5mUcSN6pU+V4zQFFaJsclJbPuAUQH+yfWef6tm7l1quW3C8Q=="
		},
		"js-tokens": {
			"version": "4.0.0",
			"resolved": "https://registry.npmjs.org/js-tokens/-/js-tokens-4.0.0.tgz",
			"integrity": "sha512-RdJUflcE3cUzKiMqQgsCu06FPu9UdIJO0beYbPhHN4k6apgJtifcoCtT9bcxOpYBtpD2kCM6Sbzg4CausW/PKQ=="
		},
		"loose-envify": {
			"version": "1.4.0",
			"resolved": "https://registry.npmjs.org/loose-envify/-/loose-envify-1.4.0.tgz",
			"integrity": "sha512-lyuxPGr/Wfhrlem2CL/UcnUc1zcqKAImBDzukY7Y5F/yQiNdko6+fRLevlw1HgMySw7f611UIY408EtxRSoK3Q==",
			"requires": {
				"js-tokens": "^3.0.0 || ^4.0.0"
			}
		},
		"normalize.css": {
			"version": "7.0.0",
			"resolved": "https://registry.npmjs.org/normalize.css/-/normalize.css-7.0.0.tgz",
			"integrity": "sha1-q/sd2CRwZ04DIrU86xqvQSk45L8="
		},
		"object-assign": {
			"version": "4.1.1",
			"resolved": "https://registry.npmjs.org/object-assign/-/object-assign-4.1.1.tgz",
			"integrity": "sha1-IQmtx5ZYh8/AXLvUQsrIv7s2CGM="
		},
		"prop-types": {
			"version": "15.7.2",
			"resolved": "https://registry.npmjs.org/prop-types/-/prop-types-15.7.2.tgz",
			"integrity": "sha512-8QQikdH7//R2vurIJSutZ1smHYTcLpRWEOlHnzcWHmBYrOGUysKwSsrC89BCiFj3CbrfJ/nXFdJepOVrY1GCHQ==",
			"requires": {
				"loose-envify": "^1.4.0",
				"object-assign": "^4.1.1",
				"react-is": "^16.8.1"
			}
		},
		"react": {
			"version": "16.11.0",
			"resolved": "https://registry.npmjs.org/react/-/react-16.11.0.tgz",
			"integrity": "sha512-M5Y8yITaLmU0ynd0r1Yvfq98Rmll6q8AxaEe88c8e7LxO8fZ2cNgmFt0aGAS9wzf1Ao32NKXtCl+/tVVtkxq6g==",
			"requires": {
				"loose-envify": "^1.1.0",
				"object-assign": "^4.1.1",
				"prop-types": "^15.6.2"
			}
		},
		"react-is": {
			"version": "16.11.0",
			"resolved": "https://registry.npmjs.org/react-is/-/react-is-16.11.0.tgz",
			"integrity": "sha512-gbBVYR2p8mnriqAwWx9LbuUrShnAuSCNnuPGyc7GJrMVQtPDAh8iLpv7FRuMPFb56KkaVZIYSz1PrjI9q0QPCw=="
		},
		"sass-mq": {
			"version": "5.0.1",
			"resolved": "https://registry.npmjs.org/sass-mq/-/sass-mq-5.0.1.tgz",
			"integrity": "sha512-ugSVZO5fzasSFrGfKCtY02spnkOOfo9U9sXuzCuSXoCl1CgcoqdJRdNmigZkhvRVph1GKM6o0pgI00Jjc445CA=="
		}
	}
}
