{
  "name": "@nice-digital/nds-core",
  "version": "1.0.4-alpha.0",
  "lockfileVersion": 1,
  "requires": true,
  "dependencies": {
    "@nice-digital/icons": {
      "version": "2.0.1",
      "resolved": "https://registry.npmjs.org/@nice-digital/icons/-/icons-2.0.1.tgz",
      "integrity": "sha512-p4WEZMbgnPdpwG8gNRH8LPjXtCyTdMA3VlXzl/49a9csZohjixShVMo8dF75FD53fRuB0d4sAUfqJKdTVWjLQA=="
    }
  }
}
